
Microsoft Visual Studio Solution File, Format Version 12.00
# Visual Studio Version 17
VisualStudioVersion = 17.4.33213.308
MinimumVisualStudioVersion = 10.0.40219.1
Project("{FAE04EC0-301F-11D3-BF4B-00C04F79EFBC}") = "ExerciseCoreWebProj", "ExerciseCoreWebProj\ExerciseCoreWebProj.csproj", "{E848EE56-83A6-4782-8FD8-A34E98B352FE}"
EndProject
Global
	GlobalSection(SolutionConfigurationPlatforms) = preSolution
		Debug|Any CPU = Debug|Any CPU
		Release|Any CPU = Release|Any CPU
	EndGlobalSection
	GlobalSection(ProjectConfigurationPlatforms) = postSolution
		{E848EE56-83A6-4782-8FD8-A34E98B352FE}.Debug|Any CPU.ActiveCfg = Debug|Any CPU
		{E848EE56-83A6-4782-8FD8-A34E98B352FE}.Debug|Any CPU.Build.0 = Debug|Any CPU
		{E848EE56-83A6-4782-8FD8-A34E98B352FE}.Release|Any CPU.ActiveCfg = Release|Any CPU
		{E848EE56-83A6-4782-8FD8-A34E98B352FE}.Release|Any CPU.Build.0 = Release|Any CPU
	EndGlobalSection
	GlobalSection(SolutionProperties) = preSolution
		HideSolutionNode = FALSE
	EndGlobalSection
	GlobalSection(ExtensibilityGlobals) = postSolution
		SolutionGuid = {536A8E3E-EFB2-4D17-9AB1-5654CA841C67}
	EndGlobalSection
EndGlobal
